
Microsoft Visual Studio Solution File, Format Version 12.00
# Visual Studio Version 16
VisualStudioVersion = 16.0.30907.101
MinimumVisualStudioVersion = 15.0.26124.0
Project("{9A19103F-16F7-4668-BE54-9A1E7A4F7556}") = "TesterOutput", "TesterOutput\TesterOutput.csproj", "{FC259D63-D7CB-4CB7-91E1-FAFCD89D11E9}"
EndProject
Project("{9A19103F-16F7-4668-BE54-9A1E7A4F7556}") = "CSharpCodeGenerator", "CSharpCodeGenerator\CSharpCodeGenerator.csproj", "{194C6DAA-E769-4D43-ABC6-AFBCBD3C7636}"
EndProject
Project("{9A19103F-16F7-4668-BE54-9A1E7A4F7556}") = "TestForCSharpCodeGenerator", "TestForCSharpCodeGenerator\TestForCSharpCodeGenerator.csproj", "{136395B2-3F2A-43A5-9F5E-68859D7AC958}"
EndProject
Project("{9A19103F-16F7-4668-BE54-9A1E7A4F7556}") = "ConsoleApp1", "ConsoleApp1\ConsoleApp1.csproj", "{482D90D6-273D-4905-8343-472A8B11D832}"
EndProject
Project("{9A19103F-16F7-4668-BE54-9A1E7A4F7556}") = "TestForTestOutput", "TestForTestOutput\TestForTestOutput.csproj", "{52720FB8-BA01-48E9-9EE7-F3D2F554F8D6}"
EndProject
Project("{FAE04EC0-301F-11D3-BF4B-00C04F79EFBC}") = "ConsoleApp2", "ConsoleApp2\ConsoleApp2.csproj", "{2A5B99BC-4E22-4700-9A46-4E0FEF0E86BF}"
EndProject
Project("{FAE04EC0-301F-11D3-BF4B-00C04F79EFBC}") = "JUnit", "JUnit\JUnit.csproj", "{836491DF-3F4D-4F0F-A7A7-20423FC437BD}"
EndProject
Global
	GlobalSection(SolutionConfigurationPlatforms) = preSolution
		Debug|Any CPU = Debug|Any CPU
		Debug|x64 = Debug|x64
		Debug|x86 = Debug|x86
		Release|Any CPU = Release|Any CPU
		Release|x64 = Release|x64
		Release|x86 = Release|x86
	EndGlobalSection
	GlobalSection(ProjectConfigurationPlatforms) = postSolution
		{FC259D63-D7CB-4CB7-91E1-FAFCD89D11E9}.Debug|Any CPU.ActiveCfg = Debug|Any CPU
		{FC259D63-D7CB-4CB7-91E1-FAFCD89D11E9}.Debug|Any CPU.Build.0 = Debug|Any CPU
		{FC259D63-D7CB-4CB7-91E1-FAFCD89D11E9}.Debug|x64.ActiveCfg = Debug|Any CPU
		{FC259D63-D7CB-4CB7-91E1-FAFCD89D11E9}.Debug|x64.Build.0 = Debug|Any CPU
		{FC259D63-D7CB-4CB7-91E1-FAFCD89D11E9}.Debug|x86.ActiveCfg = Debug|Any CPU
		{FC259D63-D7CB-4CB7-91E1-FAFCD89D11E9}.Debug|x86.Build.0 = Debug|Any CPU
		{FC259D63-D7CB-4CB7-91E1-FAFCD89D11E9}.Release|Any CPU.ActiveCfg = Release|Any CPU
		{FC259D63-D7CB-4CB7-91E1-FAFCD89D11E9}.Release|Any CPU.Build.0 = Release|Any CPU
		{FC259D63-D7CB-4CB7-91E1-FAFCD89D11E9}.Release|x64.ActiveCfg = Release|Any CPU
		{FC259D63-D7CB-4CB7-91E1-FAFCD89D11E9}.Release|x64.Build.0 = Release|Any CPU
		{FC259D63-D7CB-4CB7-91E1-FAFCD89D11E9}.Release|x86.ActiveCfg = Release|Any CPU
		{FC259D63-D7CB-4CB7-91E1-FAFCD89D11E9}.Release|x86.Build.0 = Release|Any CPU
		{194C6DAA-E769-4D43-ABC6-AFBCBD3C7636}.Debug|Any CPU.ActiveCfg = Debug|Any CPU
		{194C6DAA-E769-4D43-ABC6-AFBCBD3C7636}.Debug|Any CPU.Build.0 = Debug|Any CPU
		{194C6DAA-E769-4D43-ABC6-AFBCBD3C7636}.Debug|x64.ActiveCfg = Debug|Any CPU
		{194C6DAA-E769-4D43-ABC6-AFBCBD3C7636}.Debug|x64.Build.0 = Debug|Any CPU
		{194C6DAA-E769-4D43-ABC6-AFBCBD3C7636}.Debug|x86.ActiveCfg = Debug|Any CPU
		{194C6DAA-E769-4D43-ABC6-AFBCBD3C7636}.Debug|x86.Build.0 = Debug|Any CPU
		{194C6DAA-E769-4D43-ABC6-AFBCBD3C7636}.Release|Any CPU.ActiveCfg = Release|Any CPU
		{194C6DAA-E769-4D43-ABC6-AFBCBD3C7636}.Release|Any CPU.Build.0 = Release|Any CPU
		{194C6DAA-E769-4D43-ABC6-AFBCBD3C7636}.Release|x64.ActiveCfg = Release|Any CPU
		{194C6DAA-E769-4D43-ABC6-AFBCBD3C7636}.Release|x64.Build.0 = Release|Any CPU
		{194C6DAA-E769-4D43-ABC6-AFBCBD3C7636}.Release|x86.ActiveCfg = Release|Any CPU
		{194C6DAA-E769-4D43-ABC6-AFBCBD3C7636}.Release|x86.Build.0 = Release|Any CPU
		{136395B2-3F2A-43A5-9F5E-68859D7AC958}.Debug|Any CPU.ActiveCfg = Debug|Any CPU
		{136395B2-3F2A-43A5-9F5E-68859D7AC958}.Debug|Any CPU.Build.0 = Debug|Any CPU
		{136395B2-3F2A-43A5-9F5E-68859D7AC958}.Debug|x64.ActiveCfg = Debug|Any CPU
		{136395B2-3F2A-43A5-9F5E-68859D7AC958}.Debug|x64.Build.0 = Debug|Any CPU
		{136395B2-3F2A-43A5-9F5E-68859D7AC958}.Debug|x86.ActiveCfg = Debug|Any CPU
		{136395B2-3F2A-43A5-9F5E-68859D7AC958}.Debug|x86.Build.0 = Debug|Any CPU
		{136395B2-3F2A-43A5-9F5E-68859D7AC958}.Release|Any CPU.ActiveCfg = Release|Any CPU
		{136395B2-3F2A-43A5-9F5E-68859D7AC958}.Release|Any CPU.Build.0 = Release|Any CPU
		{136395B2-3F2A-43A5-9F5E-68859D7AC958}.Release|x64.ActiveCfg = Release|Any CPU
		{136395B2-3F2A-43A5-9F5E-68859D7AC958}.Release|x64.Build.0 = Release|Any CPU
		{136395B2-3F2A-43A5-9F5E-68859D7AC958}.Release|x86.ActiveCfg = Release|Any CPU
		{136395B2-3F2A-43A5-9F5E-68859D7AC958}.Release|x86.Build.0 = Release|Any CPU
		{482D90D6-273D-4905-8343-472A8B11D832}.Debug|Any CPU.ActiveCfg = Debug|Any CPU
		{482D90D6-273D-4905-8343-472A8B11D832}.Debug|Any CPU.Build.0 = Debug|Any CPU
		{482D90D6-273D-4905-8343-472A8B11D832}.Debug|x64.ActiveCfg = Debug|Any CPU
		{482D90D6-273D-4905-8343-472A8B11D832}.Debug|x64.Build.0 = Debug|Any CPU
		{482D90D6-273D-4905-8343-472A8B11D832}.Debug|x86.ActiveCfg = Debug|Any CPU
		{482D90D6-273D-4905-8343-472A8B11D832}.Debug|x86.Build.0 = Debug|Any CPU
		{482D90D6-273D-4905-8343-472A8B11D832}.Release|Any CPU.ActiveCfg = Release|Any CPU
		{482D90D6-273D-4905-8343-472A8B11D832}.Release|Any CPU.Build.0 = Release|Any CPU
		{482D90D6-273D-4905-8343-472A8B11D832}.Release|x64.ActiveCfg = Release|Any CPU
		{482D90D6-273D-4905-8343-472A8B11D832}.Release|x64.Build.0 = Release|Any CPU
		{482D90D6-273D-4905-8343-472A8B11D832}.Release|x86.ActiveCfg = Release|Any CPU
		{482D90D6-273D-4905-8343-472A8B11D832}.Release|x86.Build.0 = Release|Any CPU
		{52720FB8-BA01-48E9-9EE7-F3D2F554F8D6}.Debug|Any CPU.ActiveCfg = Debug|Any CPU
		{52720FB8-BA01-48E9-9EE7-F3D2F554F8D6}.Debug|Any CPU.Build.0 = Debug|Any CPU
		{52720FB8-BA01-48E9-9EE7-F3D2F554F8D6}.Debug|x64.ActiveCfg = Debug|Any CPU
		{52720FB8-BA01-48E9-9EE7-F3D2F554F8D6}.Debug|x64.Build.0 = Debug|Any CPU
		{52720FB8-BA01-48E9-9EE7-F3D2F554F8D6}.Debug|x86.ActiveCfg = Debug|Any CPU
		{52720FB8-BA01-48E9-9EE7-F3D2F554F8D6}.Debug|x86.Build.0 = Debug|Any CPU
		{52720FB8-BA01-48E9-9EE7-F3D2F554F8D6}.Release|Any CPU.ActiveCfg = Release|Any CPU
		{52720FB8-BA01-48E9-9EE7-F3D2F554F8D6}.Release|Any CPU.Build.0 = Release|Any CPU
		{52720FB8-BA01-48E9-9EE7-F3D2F554F8D6}.Release|x64.ActiveCfg = Release|Any CPU
		{52720FB8-BA01-48E9-9EE7-F3D2F554F8D6}.Release|x64.Build.0 = Release|Any CPU
		{52720FB8-BA01-48E9-9EE7-F3D2F554F8D6}.Release|x86.ActiveCfg = Release|Any CPU
		{52720FB8-BA01-48E9-9EE7-F3D2F554F8D6}.Release|x86.Build.0 = Release|Any CPU
		{2A5B99BC-4E22-4700-9A46-4E0FEF0E86BF}.Debug|Any CPU.ActiveCfg = Debug|Any CPU
		{2A5B99BC-4E22-4700-9A46-4E0FEF0E86BF}.Debug|Any CPU.Build.0 = Debug|Any CPU
		{2A5B99BC-4E22-4700-9A46-4E0FEF0E86BF}.Debug|x64.ActiveCfg = Debug|Any CPU
		{2A5B99BC-4E22-4700-9A46-4E0FEF0E86BF}.Debug|x64.Build.0 = Debug|Any CPU
		{2A5B99BC-4E22-4700-9A46-4E0FEF0E86BF}.Debug|x86.ActiveCfg = Debug|Any CPU
		{2A5B99BC-4E22-4700-9A46-4E0FEF0E86BF}.Debug|x86.Build.0 = Debug|Any CPU
		{2A5B99BC-4E22-4700-9A46-4E0FEF0E86BF}.Release|Any CPU.ActiveCfg = Release|Any CPU
		{2A5B99BC-4E22-4700-9A46-4E0FEF0E86BF}.Release|Any CPU.Build.0 = Release|Any CPU
		{2A5B99BC-4E22-4700-9A46-4E0FEF0E86BF}.Release|x64.ActiveCfg = Release|Any CPU
		{2A5B99BC-4E22-4700-9A46-4E0FEF0E86BF}.Release|x64.Build.0 = Release|Any CPU
		{2A5B99BC-4E22-4700-9A46-4E0FEF0E86BF}.Release|x86.ActiveCfg = Release|Any CPU
		{2A5B99BC-4E22-4700-9A46-4E0FEF0E86BF}.Release|x86.Build.0 = Release|Any CPU
		{836491DF-3F4D-4F0F-A7A7-20423FC437BD}.Debug|Any CPU.ActiveCfg = Debug|Any CPU
		{836491DF-3F4D-4F0F-A7A7-20423FC437BD}.Debug|Any CPU.Build.0 = Debug|Any CPU
		{836491DF-3F4D-4F0F-A7A7-20423FC437BD}.Debug|x64.ActiveCfg = Debug|Any CPU
		{836491DF-3F4D-4F0F-A7A7-20423FC437BD}.Debug|x64.Build.0 = Debug|Any CPU
		{836491DF-3F4D-4F0F-A7A7-20423FC437BD}.Debug|x86.ActiveCfg = Debug|Any CPU
		{836491DF-3F4D-4F0F-A7A7-20423FC437BD}.Debug|x86.Build.0 = Debug|Any CPU
		{836491DF-3F4D-4F0F-A7A7-20423FC437BD}.Release|Any CPU.ActiveCfg = Release|Any CPU
		{836491DF-3F4D-4F0F-A7A7-20423FC437BD}.Release|Any CPU.Build.0 = Release|Any CPU
		{836491DF-3F4D-4F0F-A7A7-20423FC437BD}.Release|x64.ActiveCfg = Release|Any CPU
		{836491DF-3F4D-4F0F-A7A7-20423FC437BD}.Release|x64.Build.0 = Release|Any CPU
		{836491DF-3F4D-4F0F-A7A7-20423FC437BD}.Release|x86.ActiveCfg = Release|Any CPU
		{836491DF-3F4D-4F0F-A7A7-20423FC437BD}.Release|x86.Build.0 = Release|Any CPU
	EndGlobalSection
	GlobalSection(SolutionProperties) = preSolution
		HideSolutionNode = FALSE
	EndGlobalSection
	GlobalSection(ExtensibilityGlobals) = postSolution
		SolutionGuid = {0BFD98AA-4ED9-4B85-9F88-11F20C71D7D5}
		EnterpriseLibraryConfigurationToolBinariesPathV6 = packages\EnterpriseLibrary.Common.6.0.1304.0\lib\NET45
	EndGlobalSection
EndGlobal
